{
    "version": 3,
    "terraform_version": "0.11.11",
    "serial": 5,
    "lineage": "5272b0d6-f632-f35e-a3d6-cba78a0f087c",
    "modules": [
        {
            "path": [
                "root"
            ],
            "outputs": {},
            "resources": {
                "aci_bridge_domain.demobd": {
                    "type": "aci_bridge_domain",
                    "depends_on": [
                        "aci_filter.bd_flood_filter",
                        "aci_rest.rest_dhcp_RelayP",
                        "aci_rest.rest_fhs_bd_pol",
                        "aci_rest.rest_l3_ext_out",
                        "aci_rest.rest_mon_epg_pol",
                        "aci_rest.rest_net_flow_pol",
                        "aci_rest.rest_rt_ctrl_profile",
                        "aci_tenant.tenant_for_bridge_domain"
                    ],
                    "primary": {
                        "id": "uni/tn-tenant_for_bd/BD-test_tf_bd",
                        "attributes": {
                            "annotation": "",
                            "arp_flood": "no",
                            "description": "This bridge domain is created by terraform ACI provider",
                            "ep_clear": "no",
                            "ep_move_detect_mode": "garp",
                            "host_based_routing": "no",
                            "id": "uni/tn-tenant_for_bd/BD-test_tf_bd",
                            "intersite_bum_traffic_allow": "yes",
                            "intersite_l2_stretch": "yes",
                            "ip_learning": "yes",
                            "ipv6_mcast_allow": "",
                            "limit_ip_learn_to_subnets": "yes",
                            "ll_addr": "::",
                            "mac": "00:22:BD:F8:19:FF",
                            "mcast_allow": "yes",
                            "multi_dst_pkt_act": "bd-flood",
                            "name": "test_tf_bd",
                            "name_alias": "",
                            "optimize_wan_bandwidth": "no",
                            "relation_fv_rs_abd_pol_mon_pol": "uni/tn-tenant_for_bd/monepg-testpol",
                            "relation_fv_rs_bd_flood_to.#": "1",
                            "relation_fv_rs_bd_flood_to.2595324046": "uni/tn-tenant_for_filter/flt-test_tf_filter",
                            "relation_fv_rs_bd_to_fhs": "uni/tn-tenant_for_bd/bdpol-testpolbd",
                            "relation_fv_rs_bd_to_netflow_monitor_pol.#": "1",
                            "relation_fv_rs_bd_to_netflow_monitor_pol.2611709256.flt_type": "ipv4",
                            "relation_fv_rs_bd_to_netflow_monitor_pol.2611709256.tn_netflow_monitor_pol_name": "uni/tn-tenant_for_bd/monitorpol-testpolflow",
                            "relation_fv_rs_bd_to_out.#": "1",
                            "relation_fv_rs_bd_to_out.812095433": "uni/tn-tenant_for_bd/out-testext",
                            "relation_fv_rs_bd_to_profile": "uni/tn-tenant_for_bd/out-testext/prof-testprof",
                            "relation_fv_rs_bd_to_relay_p": "uni/tn-tenant_for_bd/relayp-testrelay",
                            "tenant_dn": "uni/tn-tenant_for_bd",
                            "type": "regular",
                            "unicast_route": "no",
                            "unk_mac_ucast_act": "flood",
                            "unk_mcast_act": "flood",
                            "v6unk_mcast_act": "",
                            "vmac": "not-applicable"
                        },
                        "meta": {
                            "schema_version": "1"
                        },
                        "tainted": false
                    },
                    "deposed": [],
                    "provider": "provider.aci"
                },
                "aci_filter.bd_flood_filter": {
                    "type": "aci_filter",
                    "depends_on": [
                        "aci_tenant.tenant_for_filter"
                    ],
                    "primary": {
                        "id": "uni/tn-tenant_for_filter/flt-test_tf_filter",
                        "attributes": {
                            "annotation": "",
                            "description": "This filter is created by terraform ACI provider.",
                            "id": "uni/tn-tenant_for_filter/flt-test_tf_filter",
                            "name": "test_tf_filter",
                            "name_alias": "",
                            "tenant_dn": "uni/tn-tenant_for_filter"
                        },
                        "meta": {
                            "schema_version": "1"
                        },
                        "tainted": false
                    },
                    "deposed": [],
                    "provider": "provider.aci"
                },
                "aci_rest.rest_dhcp_RelayP": {
                    "type": "aci_rest",
                    "depends_on": [
                        "aci_tenant.tenant_for_bridge_domain"
                    ],
                    "primary": {
                        "id": "uni/tn-tenant_for_bd/relayp-testrelay",
                        "attributes": {
                            "class_name": "dhcpRelayP",
                            "content.%": "1",
                            "content.name": "testrelay",
                            "id": "uni/tn-tenant_for_bd/relayp-testrelay",
                            "path": "api/node/mo/uni/tn-tenant_for_bd/relayp-testrelay.json"
                        },
                        "meta": {
                            "schema_version": "1"
                        },
                        "tainted": false
                    },
                    "deposed": [],
                    "provider": "provider.aci"
                },
                "aci_rest.rest_fhs_bd_pol": {
                    "type": "aci_rest",
                    "depends_on": [
                        "aci_tenant.tenant_for_bridge_domain"
                    ],
                    "primary": {
                        "id": "uni/tn-tenant_for_bd/bdpol-testpolbd",
                        "attributes": {
                            "class_name": "fhsBDPol",
                            "content.%": "1",
                            "content.name": "testpolbd",
                            "id": "uni/tn-tenant_for_bd/bdpol-testpolbd",
                            "path": "api/node/mo/uni/tn-tenant_for_bd/bdpol-testpolbd.json"
                        },
                        "meta": {
                            "schema_version": "1"
                        },
                        "tainted": false
                    },
                    "deposed": [],
                    "provider": "provider.aci"
                },
                "aci_rest.rest_l3_ext_out": {
                    "type": "aci_rest",
                    "depends_on": [
                        "aci_tenant.tenant_for_bridge_domain"
                    ],
                    "primary": {
                        "id": "uni/tn-tenant_for_bd/out-testext",
                        "attributes": {
                            "class_name": "l3extOut",
                            "content.%": "1",
                            "content.name": "testext",
                            "id": "uni/tn-tenant_for_bd/out-testext",
                            "path": "api/node/mo/uni/tn-tenant_for_bd/out-testext.json"
                        },
                        "meta": {
                            "schema_version": "1"
                        },
                        "tainted": false
                    },
                    "deposed": [],
                    "provider": "provider.aci"
                },
                "aci_rest.rest_mon_epg_pol": {
                    "type": "aci_rest",
                    "depends_on": [
                        "aci_tenant.tenant_for_bridge_domain"
                    ],
                    "primary": {
                        "id": "uni/tn-tenant_for_bd/monepg-testpol",
                        "attributes": {
                            "class_name": "monEPGPol",
                            "content.%": "1",
                            "content.name": "testpol",
                            "id": "uni/tn-tenant_for_bd/monepg-testpol",
                            "path": "api/node/mo/uni/tn-tenant_for_bd/monepg-testpol.json"
                        },
                        "meta": {
                            "schema_version": "1"
                        },
                        "tainted": false
                    },
                    "deposed": [],
                    "provider": "provider.aci"
                },
                "aci_rest.rest_net_flow_pol": {
                    "type": "aci_rest",
                    "depends_on": [
                        "aci_tenant.tenant_for_bridge_domain"
                    ],
                    "primary": {
                        "id": "uni/tn-tenant_for_bd/monitorpol-testpolflow",
                        "attributes": {
                            "class_name": "netflowMonitorPol",
                            "content.%": "1",
                            "content.name": "testpolflow",
                            "id": "uni/tn-tenant_for_bd/monitorpol-testpolflow",
                            "path": "api/node/mo/uni/tn-tenant_for_bd/monitorpol-testpolflow.json"
                        },
                        "meta": {
                            "schema_version": "1"
                        },
                        "tainted": false
                    },
                    "deposed": [],
                    "provider": "provider.aci"
                },
                "aci_rest.rest_rt_ctrl_profile": {
                    "type": "aci_rest",
                    "depends_on": [
                        "aci_rest.rest_l3_ext_out"
                    ],
                    "primary": {
                        "id": "uni/tn-tenant_for_bd/out-testext/prof-testprof",
                        "attributes": {
                            "class_name": "rtctrlProfile",
                            "content.%": "1",
                            "content.name": "testprof",
                            "id": "uni/tn-tenant_for_bd/out-testext/prof-testprof",
                            "path": "api/node/mo/uni/tn-tenant_for_bd/out-testext/prof-testprof.json"
                        },
                        "meta": {
                            "schema_version": "1"
                        },
                        "tainted": false
                    },
                    "deposed": [],
                    "provider": "provider.aci"
                },
                "aci_tenant.tenant_for_bridge_domain": {
                    "type": "aci_tenant",
                    "depends_on": [],
                    "primary": {
                        "id": "uni/tn-tenant_for_bd",
                        "attributes": {
                            "annotation": "",
                            "description": "This tenant is created by terraform ACI provider",
                            "id": "uni/tn-tenant_for_bd",
                            "name": "tenant_for_bd",
                            "name_alias": ""
                        },
                        "meta": {
                            "schema_version": "1"
                        },
                        "tainted": false
                    },
                    "deposed": [],
                    "provider": "provider.aci"
                },
                "aci_tenant.tenant_for_filter": {
                    "type": "aci_tenant",
                    "depends_on": [],
                    "primary": {
                        "id": "uni/tn-tenant_for_filter",
                        "attributes": {
                            "annotation": "",
                            "description": "This tenant is created by terraform ACI provider",
                            "id": "uni/tn-tenant_for_filter",
                            "name": "tenant_for_filter",
                            "name_alias": ""
                        },
                        "meta": {
                            "schema_version": "1"
                        },
                        "tainted": false
                    },
                    "deposed": [],
                    "provider": "provider.aci"
                }
            },
            "depends_on": []
        }
    ]
}
